// !$*UTF8*$!
{
	archiveVersion = 1;
	classes = {
	};
	objectVersion = 46;
	objects = {

/* Begin PBXBuildFile section */
		5E4A4CE41C825D160072EF71 /* chamelion.c in Sources */ = {isa = PBXBuildFile; fileRef = 5E4A4CE21C825D160072EF71 /* chamelion.c */; };
/* End PBXBuildFile section */

/* Begin PBXFileReference section */
		5E4A4CDB1C825CEF0072EF71 /* libchamelion.sys.dylib */ = {isa = PBXFileReference; explicitFileType = "compiled.mach-o.dylib"; includeInIndex = 0; path = libchamelion.sys.dylib; sourceTree = BUILT_PRODUCTS_DIR; };
		5E4A4CE21C825D160072EF71 /* chamelion.c */ = {isa = PBXFileReference; fileEncoding = 4; lastKnownFileType = sourcecode.c.c; path = chamelion.c; sourceTree = "<group>"; };
/* End PBXFileReference section */

/* Begin PBXFrameworksBuildPhase section */
		5E4A4CD81C825CEF0072EF71 /* Frameworks */ = {
			isa = PBXFrameworksBuildPhase;
			buildActionMask = 2147483647;
			files = (
			);
			runOnlyForDeploymentPostprocessing = 0;
		};
/* End PBXFrameworksBuildPhase section */

/* Begin PBXGroup section */
		5E4A4CD21C825CEF0072EF71 = {
			isa = PBXGroup;
			children = (
				5E4A4CE61C825D200072EF71 /* chamelion.sys */,
				5E4A4CDC1C825CEF0072EF71 /* Products */,
			);
			sourceTree = "<group>";
		};
		5E4A4CDC1C825CEF0072EF71 /* Products */ = {
			isa = PBXGroup;
			children = (
				5E4A4CDB1C825CEF0072EF71 /* libchamelion.sys.dylib */,
			);
			name = Products;
			sourceTree = "<group>";
		};
		5E4A4CE61C825D200072EF71 /* chamelion.sys */ = {
			isa = PBXGroup;
			children = (
				5E4A4CE21C825D160072EF71 /* chamelion.c */,
			);
			name = chamelion.sys;
			sourceTree = "<group>";
		};
/* End PBXGroup section */

/* Begin PBXHeadersBuildPhase section */
		5E4A4CD91C825CEF0072EF71 /* Headers */ = {
			isa = PBXHeadersBuildPhase;
			buildActionMask = 2147483647;
			files = (
			);
			runOnlyForDeploymentPostprocessing = 0;
		};
/* End PBXHeadersBuildPhase section */

/* Begin PBXNativeTarget section */
		5E4A4CDA1C825CEF0072EF71 /* chamelion.sys */ = {
			isa = PBXNativeTarget;
			buildConfigurationList = 5E4A4CDF1C825CEF0072EF71 /* Build configuration list for PBXNativeTarget "chamelion.sys" */;
			buildPhases = (
				5E4A4CD71C825CEF0072EF71 /* Sources */,
				5E4A4CD81C825CEF0072EF71 /* Frameworks */,
				5E4A4CD91C825CEF0072EF71 /* Headers */,
			);
			buildRules = (
			);
			dependencies = (
			);
			name = chamelion.sys;
			productName = chamelion.sys;
			productReference = 5E4A4CDB1C825CEF0072EF71 /* libchamelion.sys.dylib */;
			productType = "com.apple.product-type.library.dynamic";
		};
/* End PBXNativeTarget section */

/* Begin PBXProject section */
		5E4A4CD31C825CEF0072EF71 /* Project object */ = {
			isa = PBXProject;
			attributes = {
				LastUpgradeCheck = 0730;
				ORGANIZATIONNAME = WireTech;
				TargetAttributes = {
					5E4A4CDA1C825CEF0072EF71 = {
						CreatedOnToolsVersion = 7.3;
					};
				};
			};
			buildConfigurationList = 5E4A4CD61C825CEF0072EF71 /* Build configuration list for PBXProject "chamelion.sys" */;
			compatibilityVersion = "Xcode 3.2";
			developmentRegion = English;
			hasScannedForEncodings = 0;
			knownRegions = (
				en,
			);
			mainGroup = 5E4A4CD21C825CEF0072EF71;
			productRefGroup = 5E4A4CDC1C825CEF0072EF71 /* Products */;
			projectDirPath = "";
			projectRoot = "";
			targets = (
				5E4A4CDA1C825CEF0072EF71 /* chamelion.sys */,
			);
		};
/* End PBXProject section */

/* Begin PBXSourcesBuildPhase section */
		5E4A4CD71C825CEF0072EF71 /* Sources */ = {
			isa = PBXSourcesBuildPhase;
			buildActionMask = 2147483647;
			files = (
				5E4A4CE41C825D160072EF71 /* chamelion.c in Sources */,
			);
			runOnlyForDeploymentPostprocessing = 0;
		};
/* End PBXSourcesBuildPhase section */

/* Begin XCBuildConfiguration section */
		5E4A4CDD1C825CEF0072EF71 /* Debug */ = {
			isa = XCBuildConfiguration;
			buildSettings = {
				ALWAYS_SEARCH_USER_PATHS = NO;
				CLANG_CXX_LANGUAGE_STANDARD = "gnu++0x";
				CLANG_CXX_LIBRARY = "libc++";
				CLANG_ENABLE_MODULES = YES;
				CLANG_ENABLE_OBJC_ARC = YES;
				CLANG_WARN_BOOL_CONVERSION = YES;
				CLANG_WARN_CONSTANT_CONVERSION = YES;
				CLANG_WARN_DIRECT_OBJC_ISA_USAGE = YES_ERROR;
				CLANG_WARN_EMPTY_BODY = YES;
				CLANG_WARN_ENUM_CONVERSION = YES;
				CLANG_WARN_INT_CONVERSION = YES;
				CLANG_WARN_OBJC_ROOT_CLASS = YES_ERROR;
				CLANG_WARN_UNREACHABLE_CODE = YES;
				CLANG_WARN__DUPLICATE_METHOD_MATCH = YES;
				CODE_SIGN_IDENTITY = "-";
				COPY_PHASE_STRIP = NO;
				DEBUG_INFORMATION_FORMAT = dwarf;
				ENABLE_STRICT_OBJC_MSGSEND = YES;
				ENABLE_TESTABILITY = YES;
				GCC_C_LANGUAGE_STANDARD = gnu99;
				GCC_DYNAMIC_NO_PIC = NO;
				GCC_NO_COMMON_BLOCKS = YES;
				GCC_OPTIMIZATION_LEVEL = 0;
				GCC_PREPROCESSOR_DEFINITIONS = (
					"DEBUG=1",
					"$(inherited)",
				);
				GCC_WARN_64_TO_32_BIT_CONVERSION = YES;
				GCC_WARN_ABOUT_RETURN_TYPE = YES_ERROR;
				GCC_WARN_UNDECLARED_SELECTOR = YES;
				GCC_WARN_UNINITIALIZED_AUTOS = YES_AGGRESSIVE;
				GCC_WARN_UNUSED_FUNCTION = YES;
				GCC_WARN_UNUSED_VARIABLE = YES;
				MACOSX_DEPLOYMENT_TARGET = 10.11;
				MTL_ENABLE_DEBUG_INFO = YES;
				ONLY_ACTIVE_ARCH = YES;
				SDKROOT = macosx;
			};
			name = Debug;
		};
		5E4A4CDE1C825CEF0072EF71 /* Release */ = {
			isa = XCBuildConfiguration;
			buildSettings = {
				ALWAYS_SEARCH_USER_PATHS = NO;
				CLANG_CXX_LANGUAGE_STANDARD = "gnu++0x";
				CLANG_CXX_LIBRARY = "libc++";
				CLANG_ENABLE_MODULES = YES;
				CLANG_ENABLE_OBJC_ARC = YES;
				CLANG_WARN_BOOL_CONVERSION = YES;
				CLANG_WARN_CONSTANT_CONVERSION = YES;
				CLANG_WARN_DIRECT_OBJC_ISA_USAGE = YES_ERROR;
				CLANG_WARN_EMPTY_BODY = YES;
				CLANG_WARN_ENUM_CONVERSION = YES;
				CLANG_WARN_INT_CONVERSION = YES;
				CLANG_WARN_OBJC_ROOT_CLASS = YES_ERROR;
				CLANG_WARN_UNREACHABLE_CODE = YES;
				CLANG_WARN__DUPLICATE_METHOD_MATCH = YES;
				CODE_SIGN_IDENTITY = "-";
				COPY_PHASE_STRIP = NO;
				DEBUG_INFORMATION_FORMAT = "dwarf-with-dsym";
				ENABLE_NS_ASSERTIONS = NO;
				ENABLE_STRICT_OBJC_MSGSEND = YES;
				GCC_C_LANGUAGE_STANDARD = gnu99;
				GCC_NO_COMMON_BLOCKS = YES;
				GCC_WARN_64_TO_32_BIT_CONVERSION = YES;
				GCC_WARN_ABOUT_RETURN_TYPE = YES_ERROR;
				GCC_WARN_UNDECLARED_SELECTOR = YES;
				GCC_WARN_UNINITIALIZED_AUTOS = YES_AGGRESSIVE;
				GCC_WARN_UNUSED_FUNCTION = YES;
				GCC_WARN_UNUSED_VARIABLE = YES;
				MACOSX_DEPLOYMENT_TARGET = 10.11;
				MTL_ENABLE_DEBUG_INFO = NO;
				SDKROOT = macosx;
			};
			name = Release;
		};
		5E4A4CE01C825CEF0072EF71 /* Debug */ = {
			isa = XCBuildConfiguration;
			buildSettings = {
				DYLIB_COMPATIBILITY_VERSION = 1;
				DYLIB_CURRENT_VERSION = 1;
				EXECUTABLE_PREFIX = lib;
				OTHER_LDFLAGS = "-lpthread";
				PRODUCT_NAME = "$(TARGET_NAME)";
			};
			name = Debug;
		};
		5E4A4CE11C825CEF0072EF71 /* Release */ = {
			isa = XCBuildConfiguration;
			buildSettings = {
				DYLIB_COMPATIBILITY_VERSION = 1;
				DYLIB_CURRENT_VERSION = 1;
				EXECUTABLE_PREFIX = lib;
				OTHER_LDFLAGS = "-lpthread";
				PRODUCT_NAME = "$(TARGET_NAME)";
			};
			name = Release;
		};
/* End XCBuildConfiguration section */

/* Begin XCConfigurationList section */
		5E4A4CD61C825CEF0072EF71 /* Build configuration list for PBXProject "chamelion.sys" */ = {
			isa = XCConfigurationList;
			buildConfigurations = (
				5E4A4CDD1C825CEF0072EF71 /* Debug */,
				5E4A4CDE1C825CEF0072EF71 /* Release */,
			);
			defaultConfigurationIsVisible = 0;
			defaultConfigurationName = Release;
		};
		5E4A4CDF1C825CEF0072EF71 /* Build configuration list for PBXNativeTarget "chamelion.sys" */ = {
			isa = XCConfigurationList;
			buildConfigurations = (
				5E4A4CE01C825CEF0072EF71 /* Debug */,
				5E4A4CE11C825CEF0072EF71 /* Release */,
			);
			defaultConfigurationIsVisible = 0;
			defaultConfigurationName = Release;
		};
/* End XCConfigurationList section */
	};
	rootObject = 5E4A4CD31C825CEF0072EF71 /* Project object */;
}
